// !$*UTF8*$!
{
 archiveVersion = 1;
 classes = { };
 objectVersion = 56;
 objects = {
  100000000000000000000001 /* Project object */ = { isa = PBXProject; attributes = { LastUpgradeCheck = 1500; ORGANIZATIONNAME = "RoboLeague"; TargetAttributes = { 100000000000000000000002 = { CreatedOnToolsVersion = 15.0; }; }; }; buildConfigurationList = 100000000000000000000010; compatibilityVersion = "Xcode 14.0"; developmentRegion = en; hasScannedForEncodings = 0; knownRegions = ( en, Base, ); mainGroup = 100000000000000000000020; productRefGroup = 100000000000000000000021; projectDirPath = ""; projectRoot = ""; targets = ( 100000000000000000000002, ); };
  100000000000000000000002 /* RoboLeague target */ = { isa = PBXNativeTarget; buildConfigurationList = 100000000000000000000011; buildPhases = ( 100000000000000000000030, 100000000000000000000031, 100000000000000000000032, ); buildRules = ( ); dependencies = ( ); name = RoboLeague; productName = RoboLeague; productReference = 100000000000000000000040; productType = "com.apple.product-type.application"; };
  100000000000000000000030 /* Sources */ = { isa = PBXSourcesBuildPhase; buildActionMask = 2147483647; files = ( 100000000000000000000050, 100000000000000000000051, 100000000000000000000052, 100000000000000000000053, 100000000000000000000054, 100000000000000000000055, ); runOnlyForDeploymentPostprocessing = 0; };
  100000000000000000000031 /* Frameworks */ = { isa = PBXFrameworksBuildPhase; buildActionMask = 2147483647; files = ( ); runOnlyForDeploymentPostprocessing = 0; };
  100000000000000000000032 /* Resources */ = { isa = PBXResourcesBuildPhase; buildActionMask = 2147483647; files = ( 100000000000000000000056, 100000000000000000000057, ); runOnlyForDeploymentPostprocessing = 0; };
  100000000000000000000050 = { isa = PBXBuildFile; fileRef = 100000000000000000000060; };
  100000000000000000000051 = { isa = PBXBuildFile; fileRef = 100000000000000000000061; };
  100000000000000000000052 = { isa = PBXBuildFile; fileRef = 100000000000000000000062; };
  100000000000000000000053 = { isa = PBXBuildFile; fileRef = 100000000000000000000063; };
  100000000000000000000054 = { isa = PBXBuildFile; fileRef = 100000000000000000000064; };
  100000000000000000000055 = { isa = PBXBuildFile; fileRef = 100000000000000000000065; };
  100000000000000000000056 = { isa = PBXBuildFile; fileRef = 100000000000000000000066; };
  100000000000000000000057 = { isa = PBXBuildFile; fileRef = 100000000000000000000067; };
  100000000000000000000060 = { isa = PBXFileReference; lastKnownFileType = sourcecode.swift; path = RoboLeagueApp.swift; sourceTree = "<group>"; };
  100000000000000000000061 = { isa = PBXFileReference; lastKnownFileType = sourcecode.swift; path = ContentView.swift; sourceTree = "<group>"; };
  100000000000000000000062 = { isa = PBXFileReference; lastKnownFileType = sourcecode.swift; path = HomeView.swift; sourceTree = "<group>"; };
  100000000000000000000063 = { isa = PBXFileReference; lastKnownFileType = sourcecode.swift; path = LeagueView.swift; sourceTree = "<group>"; };
  100000000000000000000064 = { isa = PBXFileReference; lastKnownFileType = sourcecode.swift; path = ShopView.swift; sourceTree = "<group>"; };
  100000000000000000000065 = { isa = PBXFileReference; lastKnownFileType = sourcecode.swift; path = AboutView.swift; sourceTree = "<group>"; };
  100000000000000000000066 = { isa = PBXFileReference; lastKnownFileType = text.plist.xml; path = Info.plist; sourceTree = "<group>"; };
  100000000000000000000067 = { isa = PBXBuildFile; fileRef = 100000000000000000000068; };
  100000000000000000000068 = { isa = PBXFileReference; lastKnownFileType = folder.assetcatalog; path = Assets.xcassets; sourceTree = "<group>"; };
  100000000000000000000040 = { isa = PBXFileReference; explicitFileType = wrapper.application; includeInIndex = 0; path = RoboLeague.app; sourceTree = BUILT_PRODUCTS_DIR; };
  100000000000000000000020 = { isa = PBXGroup; children = ( 100000000000000000000069, 100000000000000000000070, ); sourceTree = "<group>"; };
  100000000000000000000069 = { isa = PBXGroup; children = ( 100000000000000000000060, 100000000000000000000061, 100000000000000000000062, 100000000000000000000063, 100000000000000000000064, 100000000000000000000065, 100000000000000000000066, 100000000000000000000068, ); path = RoboLeague; sourceTree = "<group>"; };
  100000000000000000000070 = { isa = PBXGroup; children = ( 100000000000000000000040, ); name = Products; sourceTree = "<group>"; };
  100000000000000000000010 = { isa = XCConfigurationList; buildConfigurations = ( 100000000000000000000080, 100000000000000000000081, ); defaultConfigurationIsVisible = 0; defaultConfigurationName = Release; };
  100000000000000000000011 = { isa = XCConfigurationList; buildConfigurations = ( 100000000000000000000082, 100000000000000000000083, ); defaultConfigurationIsVisible = 0; defaultConfigurationName = Release; };
  100000000000000000000080 = { isa = XCBuildConfiguration; buildSettings = { ALWAYS_SEARCH_USER_PATHS = NO; CLANG_ENABLE_MODULES = YES; SWIFT_VERSION = 5.9; }; name = Debug; };
  100000000000000000000081 = { isa = XCBuildConfiguration; buildSettings = { ALWAYS_SEARCH_USER_PATHS = NO; CLANG_ENABLE_MODULES = YES; SWIFT_VERSION = 5.9; }; name = Release; };
  100000000000000000000082 = { isa = XCBuildConfiguration; buildSettings = { CODE_SIGN_STYLE = Automatic; CURRENT_PROJECT_VERSION = 1; DEVELOPMENT_TEAM = ""; GENERATE_INFOPLIST_FILE = NO; INFOPLIST_FILE = RoboLeague/Info.plist; IPHONEOS_DEPLOYMENT_TARGET = 16.0; LD_RUNPATH_SEARCH_PATHS = ( "$(inherited)", "@executable_path/Frameworks", ); PRODUCT_BUNDLE_IDENTIFIER = com.vrfl.roboleague; PRODUCT_NAME = "$(TARGET_NAME)"; SWIFT_EMIT_LOC_STRINGS = YES; SWIFT_VERSION = 5.9; TARGETED_DEVICE_FAMILY = "1,2"; }; name = Debug; };
  100000000000000000000083 = { isa = XCBuildConfiguration; buildSettings = { CODE_SIGN_STYLE = Automatic; CURRENT_PROJECT_VERSION = 1; DEVELOPMENT_TEAM = ""; GENERATE_INFOPLIST_FILE = NO; INFOPLIST_FILE = RoboLeague/Info.plist; IPHONEOS_DEPLOYMENT_TARGET = 16.0; LD_RUNPATH_SEARCH_PATHS = ( "$(inherited)", "@executable_path/Frameworks", ); PRODUCT_BUNDLE_IDENTIFIER = com.vrfl.roboleague; PRODUCT_NAME = "$(TARGET_NAME)"; SWIFT_EMIT_LOC_STRINGS = YES; SWIFT_VERSION = 5.9; TARGETED_DEVICE_FAMILY = "1,2"; }; name = Release; };
 };
 rootObject = 100000000000000000000001;
}
